
Microsoft Visual Studio Solution File, Format Version 12.00
# Visual Studio Version 16
VisualStudioVersion = 16.0.34601.136
MinimumVisualStudioVersion = 10.0.40219.1
Project("{FAE04EC0-301F-11D3-BF4B-00C04F79EFBC}") = "Point Yapisi", "Point Yapisi\Point Yapisi.csproj", "{B444CD8E-F163-47E0-BEC0-9BB605DD1902}"
EndProject
Global
	GlobalSection(SolutionConfigurationPlatforms) = preSolution
		Debug|Any CPU = Debug|Any CPU
		Release|Any CPU = Release|Any CPU
	EndGlobalSection
	GlobalSection(ProjectConfigurationPlatforms) = postSolution
		{B444CD8E-F163-47E0-BEC0-9BB605DD1902}.Debug|Any CPU.ActiveCfg = Debug|Any CPU
		{B444CD8E-F163-47E0-BEC0-9BB605DD1902}.Debug|Any CPU.Build.0 = Debug|Any CPU
		{B444CD8E-F163-47E0-BEC0-9BB605DD1902}.Release|Any CPU.ActiveCfg = Release|Any CPU
		{B444CD8E-F163-47E0-BEC0-9BB605DD1902}.Release|Any CPU.Build.0 = Release|Any CPU
	EndGlobalSection
	GlobalSection(SolutionProperties) = preSolution
		HideSolutionNode = FALSE
	EndGlobalSection
	GlobalSection(ExtensibilityGlobals) = postSolution
		SolutionGuid = {5A630488-9D43-4A95-94D4-4CE7F5FCDFF4}
	EndGlobalSection
EndGlobal
